// !$*UTF8*$!
{
	archiveVersion = 1;
	classes = {
	};
	objectVersion = 51;
	objects = {

/* Begin PBXBuildFile section */
		74F304F39BD212AB75E03124 /* Pods_CaptureDeviceProject.framework in Frameworks */ = {isa = PBXBuildFile; fileRef = 70DC69F188720B81DC66933C /* Pods_CaptureDeviceProject.framework */; };
		761AB8E3230977AF00B97B0C /* appicon1024.png in Resources */ = {isa = PBXBuildFile; fileRef = 761AB8E2230977AF00B97B0C /* appicon1024.png */; };
		761AB8E923099CCD00B97B0C /* ReplayKit.framework in Frameworks */ = {isa = PBXBuildFile; fileRef = CD93A6DF22F1374D009190E2 /* ReplayKit.framework */; };
		761AB8EA23099CCD00B97B0C /* UIKit.framework in Frameworks */ = {isa = PBXBuildFile; fileRef = CD93A6EC22F1374D009190E2 /* UIKit.framework */; };
		761AB8EE23099CCD00B97B0C /* BroadcastSetupViewController.m in Sources */ = {isa = PBXBuildFile; fileRef = 761AB8ED23099CCD00B97B0C /* BroadcastSetupViewController.m */; };
		761AB8F223099CCD00B97B0C /* ScreenCapUI.appex in Embed App Extensions */ = {isa = PBXBuildFile; fileRef = 761AB8E823099CCD00B97B0C /* ScreenCapUI.appex */; settings = {ATTRIBUTES = (RemoveHeadersOnCopy, ); }; };
		7647932122F5B413005B622E /* SelectListViewController.m in Sources */ = {isa = PBXBuildFile; fileRef = 7647931F22F5B413005B622E /* SelectListViewController.m */; };
		7647932222F5B413005B622E /* SelectListViewController.xib in Resources */ = {isa = PBXBuildFile; fileRef = 7647932022F5B413005B622E /* SelectListViewController.xib */; };
		7657731F22F5D3C50042A8FF /* ScreenCatchTableFooterView.m in Sources */ = {isa = PBXBuildFile; fileRef = 7657731E22F5D3C50042A8FF /* ScreenCatchTableFooterView.m */; };
		7657732122F5D3D10042A8FF /* ScreenCatchTableFooterView.xib in Resources */ = {isa = PBXBuildFile; fileRef = 7657732022F5D3D10042A8FF /* ScreenCatchTableFooterView.xib */; };
		7657732922F5E2420042A8FF /* UIViewExt.m in Sources */ = {isa = PBXBuildFile; fileRef = 7657732822F5E2420042A8FF /* UIViewExt.m */; };
		765FCAD722F51CBF00948374 /* CameraCatchViewController.m in Sources */ = {isa = PBXBuildFile; fileRef = 765FCACE22F51CBF00948374 /* CameraCatchViewController.m */; };
		765FCAD822F51CBF00948374 /* CameraCatchViewController.xib in Resources */ = {isa = PBXBuildFile; fileRef = 765FCACF22F51CBF00948374 /* CameraCatchViewController.xib */; };
		765FCAD922F51CBF00948374 /* CameraConfigModel.m in Sources */ = {isa = PBXBuildFile; fileRef = 765FCAD322F51CBF00948374 /* CameraConfigModel.m */; };
		765FCADA22F51CBF00948374 /* CameraCatchHandler.m in Sources */ = {isa = PBXBuildFile; fileRef = 765FCAD422F51CBF00948374 /* CameraCatchHandler.m */; };
		765FCADE22F51CF800948374 /* BaseViewController.m in Sources */ = {isa = PBXBuildFile; fileRef = 765FCADD22F51CF800948374 /* BaseViewController.m */; };
		765FCAE622F523FD00948374 /* BaseNavigationController.m in Sources */ = {isa = PBXBuildFile; fileRef = 765FCAE522F523FD00948374 /* BaseNavigationController.m */; };
		765FCAED22F5265B00948374 /* captureInfo.plist in Resources */ = {isa = PBXBuildFile; fileRef = 765FCAEC22F5265B00948374 /* captureInfo.plist */; };
		765FCAF122F5297100948374 /* CSConstants.m in Sources */ = {isa = PBXBuildFile; fileRef = 765FCAF022F5297100948374 /* CSConstants.m */; };
		765FCAF622F52B1E00948374 /* NavBgImage.m in Sources */ = {isa = PBXBuildFile; fileRef = 765FCAF522F52B1D00948374 /* NavBgImage.m */; };
		765FCAFD22F533A000948374 /* ScreenCatchViewController.xib in Resources */ = {isa = PBXBuildFile; fileRef = 765FCAF922F533A000948374 /* ScreenCatchViewController.xib */; };
		765FCAFE22F533A000948374 /* ScreenCatchViewController.m in Sources */ = {isa = PBXBuildFile; fileRef = 765FCAFA22F533A000948374 /* ScreenCatchViewController.m */; };
		765FCB0222F5340300948374 /* ClickJumpTableViewCell.m in Sources */ = {isa = PBXBuildFile; fileRef = 765FCB0022F5340300948374 /* ClickJumpTableViewCell.m */; };
		765FCB0322F5340300948374 /* ClickJumpTableViewCell.xib in Resources */ = {isa = PBXBuildFile; fileRef = 765FCB0122F5340300948374 /* ClickJumpTableViewCell.xib */; };
		765FCB0722F5376100948374 /* SetPushUrlViewController.m in Sources */ = {isa = PBXBuildFile; fileRef = 765FCB0522F5376100948374 /* SetPushUrlViewController.m */; };
		765FCB0822F5376100948374 /* SetPushUrlViewController.xib in Resources */ = {isa = PBXBuildFile; fileRef = 765FCB0622F5376100948374 /* SetPushUrlViewController.xib */; };
		765FCB0B22F5730200948374 /* UIView+HUD.m in Sources */ = {isa = PBXBuildFile; fileRef = 765FCB0A22F5730200948374 /* UIView+HUD.m */; };
		76C9072A22F5C1A8006BA6E5 /* SelectListModel.m in Sources */ = {isa = PBXBuildFile; fileRef = 76C9072922F5C1A8006BA6E5 /* SelectListModel.m */; };
		CD5A637322FBF3AD00D6A5B1 /* XDXAduioEncoder.m in Sources */ = {isa = PBXBuildFile; fileRef = CD5A637122FBF3AD00D6A5B1 /* XDXAduioEncoder.m */; };
		CD93A6E022F1374D009190E2 /* ReplayKit.framework in Frameworks */ = {isa = PBXBuildFile; fileRef = CD93A6DF22F1374D009190E2 /* ReplayKit.framework */; };
		CD93A6E422F1374D009190E2 /* SampleHandler.m in Sources */ = {isa = PBXBuildFile; fileRef = CD93A6E322F1374D009190E2 /* SampleHandler.m */; };
		CD93A6F822F1374D009190E2 /* ScreenCapture.appex in Embed App Extensions */ = {isa = PBXBuildFile; fileRef = CD93A6DD22F1374D009190E2 /* ScreenCapture.appex */; settings = {ATTRIBUTES = (RemoveHeadersOnCopy, ); }; };
		CD9704F822DC6D9500132518 /* AppDelegate.m in Sources */ = {isa = PBXBuildFile; fileRef = CD9704F722DC6D9500132518 /* AppDelegate.m */; };
		CD97050022DC6D9600132518 /* Assets.xcassets in Resources */ = {isa = PBXBuildFile; fileRef = CD9704FF22DC6D9600132518 /* Assets.xcassets */; };
		CD97050322DC6D9600132518 /* LaunchScreen.storyboard in Resources */ = {isa = PBXBuildFile; fileRef = CD97050122DC6D9600132518 /* LaunchScreen.storyboard */; };
		CD97050622DC6D9600132518 /* main.m in Sources */ = {isa = PBXBuildFile; fileRef = CD97050522DC6D9600132518 /* main.m */; };
		CD97051022DC6D9600132518 /* CaptureDeviceProjectTests.m in Sources */ = {isa = PBXBuildFile; fileRef = CD97050F22DC6D9600132518 /* CaptureDeviceProjectTests.m */; };
		CD97051B22DC6D9600132518 /* CaptureDeviceProjectUITests.m in Sources */ = {isa = PBXBuildFile; fileRef = CD97051A22DC6D9600132518 /* CaptureDeviceProjectUITests.m */; };
/* End PBXBuildFile section */

/* Begin PBXContainerItemProxy section */
		761AB8F023099CCD00B97B0C /* PBXContainerItemProxy */ = {
			isa = PBXContainerItemProxy;
			containerPortal = CD9704EB22DC6D9500132518 /* Project object */;
			proxyType = 1;
			remoteGlobalIDString = 761AB8E723099CCD00B97B0C;
			remoteInfo = ScreenCapUI;
		};
		CD93A6F622F1374D009190E2 /* PBXContainerItemProxy */ = {
			isa = PBXContainerItemProxy;
			containerPortal = CD9704EB22DC6D9500132518 /* Project object */;
			proxyType = 1;
			remoteGlobalIDString = CD93A6DC22F1374D009190E2;
			remoteInfo = ScreenCapture;
		};
		CD97050C22DC6D9600132518 /* PBXContainerItemProxy */ = {
			isa = PBXContainerItemProxy;
			containerPortal = CD9704EB22DC6D9500132518 /* Project object */;
			proxyType = 1;
			remoteGlobalIDString = CD9704F222DC6D9500132518;
			remoteInfo = CaptureDeviceProject;
		};
		CD97051722DC6D9600132518 /* PBXContainerItemProxy */ = {
			isa = PBXContainerItemProxy;
			containerPortal = CD9704EB22DC6D9500132518 /* Project object */;
			proxyType = 1;
			remoteGlobalIDString = CD9704F222DC6D9500132518;
			remoteInfo = CaptureDeviceProject;
		};
/* End PBXContainerItemProxy section */

/* Begin PBXCopyFilesBuildPhase section */
		CD93A6FF22F1374D009190E2 /* Embed App Extensions */ = {
			isa = PBXCopyFilesBuildPhase;
			buildActionMask = 2147483647;
			dstPath = "";
			dstSubfolderSpec = 13;
			files = (
				CD93A6F822F1374D009190E2 /* ScreenCapture.appex in Embed App Extensions */,
				761AB8F223099CCD00B97B0C /* ScreenCapUI.appex in Embed App Extensions */,
			);
			name = "Embed App Extensions";
			runOnlyForDeploymentPostprocessing = 0;
		};
/* End PBXCopyFilesBuildPhase section */

/* Begin PBXFileReference section */
		70DC69F188720B81DC66933C /* Pods_CaptureDeviceProject.framework */ = {isa = PBXFileReference; explicitFileType = wrapper.framework; includeInIndex = 0; path = Pods_CaptureDeviceProject.framework; sourceTree = BUILT_PRODUCTS_DIR; };
		761AB8E2230977AF00B97B0C /* appicon1024.png */ = {isa = PBXFileReference; lastKnownFileType = image.png; path = appicon1024.png; sourceTree = "<group>"; };
		761AB8E823099CCD00B97B0C /* ScreenCapUI.appex */ = {isa = PBXFileReference; explicitFileType = "wrapper.app-extension"; includeInIndex = 0; path = ScreenCapUI.appex; sourceTree = BUILT_PRODUCTS_DIR; };
		761AB8EC23099CCD00B97B0C /* BroadcastSetupViewController.h */ = {isa = PBXFileReference; lastKnownFileType = sourcecode.c.h; path = BroadcastSetupViewController.h; sourceTree = "<group>"; };
		761AB8ED23099CCD00B97B0C /* BroadcastSetupViewController.m */ = {isa = PBXFileReference; lastKnownFileType = sourcecode.c.objc; path = BroadcastSetupViewController.m; sourceTree = "<group>"; };
		761AB8EF23099CCD00B97B0C /* Info.plist */ = {isa = PBXFileReference; lastKnownFileType = text.plist.xml; path = Info.plist; sourceTree = "<group>"; };
		7647931E22F5B413005B622E /* SelectListViewController.h */ = {isa = PBXFileReference; lastKnownFileType = sourcecode.c.h; path = SelectListViewController.h; sourceTree = "<group>"; };
		7647931F22F5B413005B622E /* SelectListViewController.m */ = {isa = PBXFileReference; lastKnownFileType = sourcecode.c.objc; path = SelectListViewController.m; sourceTree = "<group>"; };
		7647932022F5B413005B622E /* SelectListViewController.xib */ = {isa = PBXFileReference; lastKnownFileType = file.xib; path = SelectListViewController.xib; sourceTree = "<group>"; };
		7657731D22F5D3C50042A8FF /* ScreenCatchTableFooterView.h */ = {isa = PBXFileReference; lastKnownFileType = sourcecode.c.h; path = ScreenCatchTableFooterView.h; sourceTree = "<group>"; };
		7657731E22F5D3C50042A8FF /* ScreenCatchTableFooterView.m */ = {isa = PBXFileReference; lastKnownFileType = sourcecode.c.objc; path = ScreenCatchTableFooterView.m; sourceTree = "<group>"; };
		7657732022F5D3D10042A8FF /* ScreenCatchTableFooterView.xib */ = {isa = PBXFileReference; lastKnownFileType = file.xib; path = ScreenCatchTableFooterView.xib; sourceTree = "<group>"; };
		7657732722F5E2410042A8FF /* UIViewExt.h */ = {isa = PBXFileReference; fileEncoding = 4; lastKnownFileType = sourcecode.c.h; path = UIViewExt.h; sourceTree = "<group>"; };
		7657732822F5E2420042A8FF /* UIViewExt.m */ = {isa = PBXFileReference; fileEncoding = 4; lastKnownFileType = sourcecode.c.objc; path = UIViewExt.m; sourceTree = "<group>"; };
		765FCACE22F51CBF00948374 /* CameraCatchViewController.m */ = {isa = PBXFileReference; fileEncoding = 4; lastKnownFileType = sourcecode.c.objc; path = CameraCatchViewController.m; sourceTree = "<group>"; };
		765FCACF22F51CBF00948374 /* CameraCatchViewController.xib */ = {isa = PBXFileReference; fileEncoding = 4; lastKnownFileType = file.xib; path = CameraCatchViewController.xib; sourceTree = "<group>"; };
		765FCAD022F51CBF00948374 /* CameraCatchViewController.h */ = {isa = PBXFileReference; fileEncoding = 4; lastKnownFileType = sourcecode.c.h; path = CameraCatchViewController.h; sourceTree = "<group>"; };
		765FCAD222F51CBF00948374 /* CameraCatchHandler.h */ = {isa = PBXFileReference; fileEncoding = 4; lastKnownFileType = sourcecode.c.h; path = CameraCatchHandler.h; sourceTree = "<group>"; };
		765FCAD322F51CBF00948374 /* CameraConfigModel.m */ = {isa = PBXFileReference; fileEncoding = 4; lastKnownFileType = sourcecode.c.objc; path = CameraConfigModel.m; sourceTree = "<group>"; };
		765FCAD422F51CBF00948374 /* CameraCatchHandler.m */ = {isa = PBXFileReference; fileEncoding = 4; lastKnownFileType = sourcecode.c.objc; path = CameraCatchHandler.m; sourceTree = "<group>"; };
		765FCAD522F51CBF00948374 /* CameraConfigModel.h */ = {isa = PBXFileReference; fileEncoding = 4; lastKnownFileType = sourcecode.c.h; path = CameraConfigModel.h; sourceTree = "<group>"; };
		765FCADC22F51CF800948374 /* BaseViewController.h */ = {isa = PBXFileReference; lastKnownFileType = sourcecode.c.h; path = BaseViewController.h; sourceTree = "<group>"; };
		765FCADD22F51CF800948374 /* BaseViewController.m */ = {isa = PBXFileReference; lastKnownFileType = sourcecode.c.objc; path = BaseViewController.m; sourceTree = "<group>"; };
		765FCAE422F523FD00948374 /* BaseNavigationController.h */ = {isa = PBXFileReference; lastKnownFileType = sourcecode.c.h; path = BaseNavigationController.h; sourceTree = "<group>"; };
		765FCAE522F523FD00948374 /* BaseNavigationController.m */ = {isa = PBXFileReference; lastKnownFileType = sourcecode.c.objc; path = BaseNavigationController.m; sourceTree = "<group>"; };
		765FCAEC22F5265B00948374 /* captureInfo.plist */ = {isa = PBXFileReference; fileEncoding = 4; lastKnownFileType = text.plist.xml; path = captureInfo.plist; sourceTree = "<group>"; };
		765FCAEF22F5297100948374 /* CSConstants.h */ = {isa = PBXFileReference; lastKnownFileType = sourcecode.c.h; path = CSConstants.h; sourceTree = "<group>"; };
		765FCAF022F5297100948374 /* CSConstants.m */ = {isa = PBXFileReference; lastKnownFileType = sourcecode.c.objc; path = CSConstants.m; sourceTree = "<group>"; };
		765FCAF322F52A0F00948374 /* PrefixHeader.pch */ = {isa = PBXFileReference; lastKnownFileType = sourcecode.c.h; path = PrefixHeader.pch; sourceTree = "<group>"; };
		765FCAF422F52B1D00948374 /* NavBgImage.h */ = {isa = PBXFileReference; fileEncoding = 4; lastKnownFileType = sourcecode.c.h; path = NavBgImage.h; sourceTree = "<group>"; };
		765FCAF522F52B1D00948374 /* NavBgImage.m */ = {isa = PBXFileReference; fileEncoding = 4; lastKnownFileType = sourcecode.c.objc; path = NavBgImage.m; sourceTree = "<group>"; };
		765FCAF822F533A000948374 /* ScreenCatchViewController.h */ = {isa = PBXFileReference; fileEncoding = 4; lastKnownFileType = sourcecode.c.h; path = ScreenCatchViewController.h; sourceTree = "<group>"; };
		765FCAF922F533A000948374 /* ScreenCatchViewController.xib */ = {isa = PBXFileReference; fileEncoding = 4; lastKnownFileType = file.xib; path = ScreenCatchViewController.xib; sourceTree = "<group>"; };
		765FCAFA22F533A000948374 /* ScreenCatchViewController.m */ = {isa = PBXFileReference; fileEncoding = 4; lastKnownFileType = sourcecode.c.objc; path = ScreenCatchViewController.m; sourceTree = "<group>"; };
		765FCAFF22F5340300948374 /* ClickJumpTableViewCell.h */ = {isa = PBXFileReference; lastKnownFileType = sourcecode.c.h; path = ClickJumpTableViewCell.h; sourceTree = "<group>"; };
		765FCB0022F5340300948374 /* ClickJumpTableViewCell.m */ = {isa = PBXFileReference; lastKnownFileType = sourcecode.c.objc; path = ClickJumpTableViewCell.m; sourceTree = "<group>"; };
		765FCB0122F5340300948374 /* ClickJumpTableViewCell.xib */ = {isa = PBXFileReference; lastKnownFileType = file.xib; path = ClickJumpTableViewCell.xib; sourceTree = "<group>"; };
		765FCB0422F5376100948374 /* SetPushUrlViewController.h */ = {isa = PBXFileReference; lastKnownFileType = sourcecode.c.h; path = SetPushUrlViewController.h; sourceTree = "<group>"; };
		765FCB0522F5376100948374 /* SetPushUrlViewController.m */ = {isa = PBXFileReference; lastKnownFileType = sourcecode.c.objc; path = SetPushUrlViewController.m; sourceTree = "<group>"; };
		765FCB0622F5376100948374 /* SetPushUrlViewController.xib */ = {isa = PBXFileReference; lastKnownFileType = file.xib; path = SetPushUrlViewController.xib; sourceTree = "<group>"; };
		765FCB0922F5730200948374 /* UIView+HUD.h */ = {isa = PBXFileReference; lastKnownFileType = sourcecode.c.h; path = "UIView+HUD.h"; sourceTree = "<group>"; };
		765FCB0A22F5730200948374 /* UIView+HUD.m */ = {isa = PBXFileReference; lastKnownFileType = sourcecode.c.objc; path = "UIView+HUD.m"; sourceTree = "<group>"; };
		76C9072822F5C1A8006BA6E5 /* SelectListModel.h */ = {isa = PBXFileReference; lastKnownFileType = sourcecode.c.h; path = SelectListModel.h; sourceTree = "<group>"; };
		76C9072922F5C1A8006BA6E5 /* SelectListModel.m */ = {isa = PBXFileReference; lastKnownFileType = sourcecode.c.objc; path = SelectListModel.m; sourceTree = "<group>"; };
		7F0FDCEB97630057A8FC3AD7 /* Pods-CaptureDeviceProject.debug.xcconfig */ = {isa = PBXFileReference; includeInIndex = 1; lastKnownFileType = text.xcconfig; name = "Pods-CaptureDeviceProject.debug.xcconfig"; path = "Target Support Files/Pods-CaptureDeviceProject/Pods-CaptureDeviceProject.debug.xcconfig"; sourceTree = "<group>"; };
		96A4689A7507BFC71587A013 /* Pods-CaptureDeviceProject.release.xcconfig */ = {isa = PBXFileReference; includeInIndex = 1; lastKnownFileType = text.xcconfig; name = "Pods-CaptureDeviceProject.release.xcconfig"; path = "Target Support Files/Pods-CaptureDeviceProject/Pods-CaptureDeviceProject.release.xcconfig"; sourceTree = "<group>"; };
		CD5A637122FBF3AD00D6A5B1 /* XDXAduioEncoder.m */ = {isa = PBXFileReference; fileEncoding = 4; lastKnownFileType = sourcecode.c.objc; path = XDXAduioEncoder.m; sourceTree = "<group>"; };
		CD5A637222FBF3AD00D6A5B1 /* XDXAduioEncoder.h */ = {isa = PBXFileReference; fileEncoding = 4; lastKnownFileType = sourcecode.c.h; path = XDXAduioEncoder.h; sourceTree = "<group>"; };
		CD93A6DD22F1374D009190E2 /* ScreenCapture.appex */ = {isa = PBXFileReference; explicitFileType = "wrapper.app-extension"; includeInIndex = 0; path = ScreenCapture.appex; sourceTree = BUILT_PRODUCTS_DIR; };
		CD93A6DF22F1374D009190E2 /* ReplayKit.framework */ = {isa = PBXFileReference; lastKnownFileType = wrapper.framework; name = ReplayKit.framework; path = System/Library/Frameworks/ReplayKit.framework; sourceTree = SDKROOT; };
		CD93A6E222F1374D009190E2 /* SampleHandler.h */ = {isa = PBXFileReference; lastKnownFileType = sourcecode.c.h; path = SampleHandler.h; sourceTree = "<group>"; };
		CD93A6E322F1374D009190E2 /* SampleHandler.m */ = {isa = PBXFileReference; lastKnownFileType = sourcecode.c.objc; path = SampleHandler.m; sourceTree = "<group>"; };
		CD93A6E522F1374D009190E2 /* Info.plist */ = {isa = PBXFileReference; lastKnownFileType = text.plist.xml; path = Info.plist; sourceTree = "<group>"; };
		CD93A6EC22F1374D009190E2 /* UIKit.framework */ = {isa = PBXFileReference; lastKnownFileType = wrapper.framework; name = UIKit.framework; path = System/Library/Frameworks/UIKit.framework; sourceTree = SDKROOT; };
		CD93A70022F13E3C009190E2 /* CaptureDeviceProject.entitlements */ = {isa = PBXFileReference; lastKnownFileType = text.plist.entitlements; path = CaptureDeviceProject.entitlements; sourceTree = "<group>"; };
		CD93A70122F13E4F009190E2 /* ScreenCapture.entitlements */ = {isa = PBXFileReference; lastKnownFileType = text.plist.entitlements; path = ScreenCapture.entitlements; sourceTree = "<group>"; };
		CD9704F322DC6D9500132518 /* CaptureDeviceProject.app */ = {isa = PBXFileReference; explicitFileType = wrapper.application; includeInIndex = 0; path = CaptureDeviceProject.app; sourceTree = BUILT_PRODUCTS_DIR; };
		CD9704F622DC6D9500132518 /* AppDelegate.h */ = {isa = PBXFileReference; lastKnownFileType = sourcecode.c.h; path = AppDelegate.h; sourceTree = "<group>"; };
		CD9704F722DC6D9500132518 /* AppDelegate.m */ = {isa = PBXFileReference; lastKnownFileType = sourcecode.c.objc; path = AppDelegate.m; sourceTree = "<group>"; };
		CD9704FF22DC6D9600132518 /* Assets.xcassets */ = {isa = PBXFileReference; lastKnownFileType = folder.assetcatalog; path = Assets.xcassets; sourceTree = "<group>"; };
		CD97050222DC6D9600132518 /* Base */ = {isa = PBXFileReference; lastKnownFileType = file.storyboard; name = Base; path = Base.lproj/LaunchScreen.storyboard; sourceTree = "<group>"; };
		CD97050522DC6D9600132518 /* main.m */ = {isa = PBXFileReference; lastKnownFileType = sourcecode.c.objc; path = main.m; sourceTree = "<group>"; };
		CD97050B22DC6D9600132518 /* CaptureDeviceProjectTests.xctest */ = {isa = PBXFileReference; explicitFileType = wrapper.cfbundle; includeInIndex = 0; path = CaptureDeviceProjectTests.xctest; sourceTree = BUILT_PRODUCTS_DIR; };
		CD97050F22DC6D9600132518 /* CaptureDeviceProjectTests.m */ = {isa = PBXFileReference; lastKnownFileType = sourcecode.c.objc; path = CaptureDeviceProjectTests.m; sourceTree = "<group>"; };
		CD97051122DC6D9600132518 /* Info.plist */ = {isa = PBXFileReference; lastKnownFileType = text.plist.xml; path = Info.plist; sourceTree = "<group>"; };
		CD97051622DC6D9600132518 /* CaptureDeviceProjectUITests.xctest */ = {isa = PBXFileReference; explicitFileType = wrapper.cfbundle; includeInIndex = 0; path = CaptureDeviceProjectUITests.xctest; sourceTree = BUILT_PRODUCTS_DIR; };
		CD97051A22DC6D9600132518 /* CaptureDeviceProjectUITests.m */ = {isa = PBXFileReference; lastKnownFileType = sourcecode.c.objc; path = CaptureDeviceProjectUITests.m; sourceTree = "<group>"; };
		CD97051C22DC6D9600132518 /* Info.plist */ = {isa = PBXFileReference; lastKnownFileType = text.plist.xml; path = Info.plist; sourceTree = "<group>"; };
/* End PBXFileReference section */

/* Begin PBXFrameworksBuildPhase section */
		761AB8E523099CCD00B97B0C /* Frameworks */ = {
			isa = PBXFrameworksBuildPhase;
			buildActionMask = 2147483647;
			files = (
				761AB8E923099CCD00B97B0C /* ReplayKit.framework in Frameworks */,
				761AB8EA23099CCD00B97B0C /* UIKit.framework in Frameworks */,
			);
			runOnlyForDeploymentPostprocessing = 0;
		};
		CD93A6DA22F1374D009190E2 /* Frameworks */ = {
			isa = PBXFrameworksBuildPhase;
			buildActionMask = 2147483647;
			files = (
				CD93A6E022F1374D009190E2 /* ReplayKit.framework in Frameworks */,
			);
			runOnlyForDeploymentPostprocessing = 0;
		};
		CD9704F022DC6D9500132518 /* Frameworks */ = {
			isa = PBXFrameworksBuildPhase;
			buildActionMask = 2147483647;
			files = (
				74F304F39BD212AB75E03124 /* Pods_CaptureDeviceProject.framework in Frameworks */,
			);
			runOnlyForDeploymentPostprocessing = 0;
		};
		CD97050822DC6D9600132518 /* Frameworks */ = {
			isa = PBXFrameworksBuildPhase;
			buildActionMask = 2147483647;
			files = (
			);
			runOnlyForDeploymentPostprocessing = 0;
		};
		CD97051322DC6D9600132518 /* Frameworks */ = {
			isa = PBXFrameworksBuildPhase;
			buildActionMask = 2147483647;
			files = (
			);
			runOnlyForDeploymentPostprocessing = 0;
		};
/* End PBXFrameworksBuildPhase section */

/* Begin PBXGroup section */
		761AB8EB23099CCD00B97B0C /* ScreenCapUI */ = {
			isa = PBXGroup;
			children = (
				761AB8EC23099CCD00B97B0C /* BroadcastSetupViewController.h */,
				761AB8ED23099CCD00B97B0C /* BroadcastSetupViewController.m */,
				761AB8EF23099CCD00B97B0C /* Info.plist */,
			);
			path = ScreenCapUI;
			sourceTree = "<group>";
		};
		765FCACC22F51CBF00948374 /* Camera */ = {
			isa = PBXGroup;
			children = (
				765FCACD22F51CBF00948374 /* Controller */,
				765FCAD122F51CBF00948374 /* Model */,
			);
			path = Camera;
			sourceTree = "<group>";
		};
		765FCACD22F51CBF00948374 /* Controller */ = {
			isa = PBXGroup;
			children = (
				765FCAD022F51CBF00948374 /* CameraCatchViewController.h */,
				765FCACE22F51CBF00948374 /* CameraCatchViewController.m */,
				765FCACF22F51CBF00948374 /* CameraCatchViewController.xib */,
			);
			path = Controller;
			sourceTree = "<group>";
		};
		765FCAD122F51CBF00948374 /* Model */ = {
			isa = PBXGroup;
			children = (
				765FCAD222F51CBF00948374 /* CameraCatchHandler.h */,
				765FCAD322F51CBF00948374 /* CameraConfigModel.m */,
				765FCAD422F51CBF00948374 /* CameraCatchHandler.m */,
				765FCAD522F51CBF00948374 /* CameraConfigModel.h */,
			);
			path = Model;
			sourceTree = "<group>";
		};
		765FCAD622F51CBF00948374 /* Base */ = {
			isa = PBXGroup;
			children = (
				765FCADC22F51CF800948374 /* BaseViewController.h */,
				765FCADD22F51CF800948374 /* BaseViewController.m */,
				765FCAE422F523FD00948374 /* BaseNavigationController.h */,
				765FCAE522F523FD00948374 /* BaseNavigationController.m */,
			);
			path = Base;
			sourceTree = "<group>";
		};
		765FCADB22F51CDE00948374 /* ScreenCatch */ = {
			isa = PBXGroup;
			children = (
				765FCAF722F533A000948374 /* Controller */,
				765FCAFC22F533A000948374 /* Model */,
				765FCAFB22F533A000948374 /* View */,
			);
			path = ScreenCatch;
			sourceTree = "<group>";
		};
		765FCAE722F524F200948374 /* Supporting Files */ = {
			isa = PBXGroup;
			children = (
				761AB8E2230977AF00B97B0C /* appicon1024.png */,
				CD97050522DC6D9600132518 /* main.m */,
				765FCAEC22F5265B00948374 /* captureInfo.plist */,
				765FCAF322F52A0F00948374 /* PrefixHeader.pch */,
			);
			path = "Supporting Files";
			sourceTree = "<group>";
		};
		765FCAEE22F5290C00948374 /* Utils */ = {
			isa = PBXGroup;
			children = (
				7657732722F5E2410042A8FF /* UIViewExt.h */,
				7657732822F5E2420042A8FF /* UIViewExt.m */,
				765FCAF422F52B1D00948374 /* NavBgImage.h */,
				765FCAF522F52B1D00948374 /* NavBgImage.m */,
				765FCAEF22F5297100948374 /* CSConstants.h */,
				765FCAF022F5297100948374 /* CSConstants.m */,
				765FCB0922F5730200948374 /* UIView+HUD.h */,
				765FCB0A22F5730200948374 /* UIView+HUD.m */,
			);
			path = Utils;
			sourceTree = "<group>";
		};
		765FCAF722F533A000948374 /* Controller */ = {
			isa = PBXGroup;
			children = (
				765FCAF822F533A000948374 /* ScreenCatchViewController.h */,
				765FCAFA22F533A000948374 /* ScreenCatchViewController.m */,
				765FCAF922F533A000948374 /* ScreenCatchViewController.xib */,
				765FCB0422F5376100948374 /* SetPushUrlViewController.h */,
				765FCB0522F5376100948374 /* SetPushUrlViewController.m */,
				765FCB0622F5376100948374 /* SetPushUrlViewController.xib */,
				7647931E22F5B413005B622E /* SelectListViewController.h */,
				7647931F22F5B413005B622E /* SelectListViewController.m */,
				7647932022F5B413005B622E /* SelectListViewController.xib */,
			);
			path = Controller;
			sourceTree = "<group>";
		};
		765FCAFB22F533A000948374 /* View */ = {
			isa = PBXGroup;
			children = (
				765FCAFF22F5340300948374 /* ClickJumpTableViewCell.h */,
				765FCB0022F5340300948374 /* ClickJumpTableViewCell.m */,
				765FCB0122F5340300948374 /* ClickJumpTableViewCell.xib */,
				7657731D22F5D3C50042A8FF /* ScreenCatchTableFooterView.h */,
				7657731E22F5D3C50042A8FF /* ScreenCatchTableFooterView.m */,
				7657732022F5D3D10042A8FF /* ScreenCatchTableFooterView.xib */,
			);
			path = View;
			sourceTree = "<group>";
		};
		765FCAFC22F533A000948374 /* Model */ = {
			isa = PBXGroup;
			children = (
				76C9072822F5C1A8006BA6E5 /* SelectListModel.h */,
				76C9072922F5C1A8006BA6E5 /* SelectListModel.m */,
			);
			path = Model;
			sourceTree = "<group>";
		};
		CD93A6DE22F1374D009190E2 /* Frameworks */ = {
			isa = PBXGroup;
			children = (
				CD93A6DF22F1374D009190E2 /* ReplayKit.framework */,
				CD93A6EC22F1374D009190E2 /* UIKit.framework */,
				70DC69F188720B81DC66933C /* Pods_CaptureDeviceProject.framework */,
			);
			name = Frameworks;
			sourceTree = "<group>";
		};
		CD93A6E122F1374D009190E2 /* ScreenCapture */ = {
			isa = PBXGroup;
			children = (
				CD5A637222FBF3AD00D6A5B1 /* XDXAduioEncoder.h */,
				CD5A637122FBF3AD00D6A5B1 /* XDXAduioEncoder.m */,
				CD93A70122F13E4F009190E2 /* ScreenCapture.entitlements */,
				CD93A6E222F1374D009190E2 /* SampleHandler.h */,
				CD93A6E322F1374D009190E2 /* SampleHandler.m */,
				CD93A6E522F1374D009190E2 /* Info.plist */,
			);
			path = ScreenCapture;
			sourceTree = "<group>";
		};
		CD9704EA22DC6D9500132518 = {
			isa = PBXGroup;
			children = (
				CD9704F522DC6D9500132518 /* CaptureDeviceProject */,
				CD97050E22DC6D9600132518 /* CaptureDeviceProjectTests */,
				CD97051922DC6D9600132518 /* CaptureDeviceProjectUITests */,
				CD93A6E122F1374D009190E2 /* ScreenCapture */,
				761AB8EB23099CCD00B97B0C /* ScreenCapUI */,
				CD93A6DE22F1374D009190E2 /* Frameworks */,
				CD9704F422DC6D9500132518 /* Products */,
				D71758EE4C55551FD4152902 /* Pods */,
			);
			sourceTree = "<group>";
		};
		CD9704F422DC6D9500132518 /* Products */ = {
			isa = PBXGroup;
			children = (
				CD9704F322DC6D9500132518 /* CaptureDeviceProject.app */,
				CD97050B22DC6D9600132518 /* CaptureDeviceProjectTests.xctest */,
				CD97051622DC6D9600132518 /* CaptureDeviceProjectUITests.xctest */,
				CD93A6DD22F1374D009190E2 /* ScreenCapture.appex */,
				761AB8E823099CCD00B97B0C /* ScreenCapUI.appex */,
			);
			name = Products;
			sourceTree = "<group>";
		};
		CD9704F522DC6D9500132518 /* CaptureDeviceProject */ = {
			isa = PBXGroup;
			children = (
				CD93A70022F13E3C009190E2 /* CaptureDeviceProject.entitlements */,
				765FCACC22F51CBF00948374 /* Camera */,
				765FCADB22F51CDE00948374 /* ScreenCatch */,
				765FCAD622F51CBF00948374 /* Base */,
				765FCAEE22F5290C00948374 /* Utils */,
				CD9704F622DC6D9500132518 /* AppDelegate.h */,
				CD9704F722DC6D9500132518 /* AppDelegate.m */,
				CD9704FF22DC6D9600132518 /* Assets.xcassets */,
				CD97050122DC6D9600132518 /* LaunchScreen.storyboard */,
				765FCAE722F524F200948374 /* Supporting Files */,
			);
			path = CaptureDeviceProject;
			sourceTree = "<group>";
		};
		CD97050E22DC6D9600132518 /* CaptureDeviceProjectTests */ = {
			isa = PBXGroup;
			children = (
				CD97050F22DC6D9600132518 /* CaptureDeviceProjectTests.m */,
				CD97051122DC6D9600132518 /* Info.plist */,
			);
			path = CaptureDeviceProjectTests;
			sourceTree = "<group>";
		};
		CD97051922DC6D9600132518 /* CaptureDeviceProjectUITests */ = {
			isa = PBXGroup;
			children = (
				CD97051A22DC6D9600132518 /* CaptureDeviceProjectUITests.m */,
				CD97051C22DC6D9600132518 /* Info.plist */,
			);
			path = CaptureDeviceProjectUITests;
			sourceTree = "<group>";
		};
		D71758EE4C55551FD4152902 /* Pods */ = {
			isa = PBXGroup;
			children = (
				7F0FDCEB97630057A8FC3AD7 /* Pods-CaptureDeviceProject.debug.xcconfig */,
				96A4689A7507BFC71587A013 /* Pods-CaptureDeviceProject.release.xcconfig */,
			);
			path = Pods;
			sourceTree = "<group>";
		};
/* End PBXGroup section */

/* Begin PBXNativeTarget section */
		761AB8E723099CCD00B97B0C /* ScreenCapUI */ = {
			isa = PBXNativeTarget;
			buildConfigurationList = 761AB8F323099CCD00B97B0C /* Build configuration list for PBXNativeTarget "ScreenCapUI" */;
			buildPhases = (
				761AB8E423099CCD00B97B0C /* Sources */,
				761AB8E523099CCD00B97B0C /* Frameworks */,
				761AB8E623099CCD00B97B0C /* Resources */,
			);
			buildRules = (
			);
			dependencies = (
			);
			name = ScreenCapUI;
			productName = ScreenCapUI;
			productReference = 761AB8E823099CCD00B97B0C /* ScreenCapUI.appex */;
			productType = "com.apple.product-type.app-extension";
		};
		CD93A6DC22F1374D009190E2 /* ScreenCapture */ = {
			isa = PBXNativeTarget;
			buildConfigurationList = CD93A6FC22F1374D009190E2 /* Build configuration list for PBXNativeTarget "ScreenCapture" */;
			buildPhases = (
				CD93A6D922F1374D009190E2 /* Sources */,
				CD93A6DA22F1374D009190E2 /* Frameworks */,
				CD93A6DB22F1374D009190E2 /* Resources */,
			);
			buildRules = (
			);
			dependencies = (
			);
			name = ScreenCapture;
			productName = ScreenCapture;
			productReference = CD93A6DD22F1374D009190E2 /* ScreenCapture.appex */;
			productType = "com.apple.product-type.app-extension";
		};
		CD9704F222DC6D9500132518 /* CaptureDeviceProject */ = {
			isa = PBXNativeTarget;
			buildConfigurationList = CD97051F22DC6D9600132518 /* Build configuration list for PBXNativeTarget "CaptureDeviceProject" */;
			buildPhases = (
				03A6D2DD994CD77904C40DE1 /* [CP] Check Pods Manifest.lock */,
				CD9704EF22DC6D9500132518 /* Sources */,
				CD9704F022DC6D9500132518 /* Frameworks */,
				CD9704F122DC6D9500132518 /* Resources */,
				CD93A6FF22F1374D009190E2 /* Embed App Extensions */,
				AAA9AE9AF641961A39E40B3E /* [CP] Embed Pods Frameworks */,
			);
			buildRules = (
			);
			dependencies = (
				CD93A6F722F1374D009190E2 /* PBXTargetDependency */,
				761AB8F123099CCD00B97B0C /* PBXTargetDependency */,
			);
			name = CaptureDeviceProject;
			productName = CaptureDeviceProject;
			productReference = CD9704F322DC6D9500132518 /* CaptureDeviceProject.app */;
			productType = "com.apple.product-type.application";
		};
		CD97050A22DC6D9600132518 /* CaptureDeviceProjectTests */ = {
			isa = PBXNativeTarget;
			buildConfigurationList = CD97052222DC6D9600132518 /* Build configuration list for PBXNativeTarget "CaptureDeviceProjectTests" */;
			buildPhases = (
				CD97050722DC6D9600132518 /* Sources */,
				CD97050822DC6D9600132518 /* Frameworks */,
				CD97050922DC6D9600132518 /* Resources */,
			);
			buildRules = (
			);
			dependencies = (
				CD97050D22DC6D9600132518 /* PBXTargetDependency */,
			);
			name = CaptureDeviceProjectTests;
			productName = CaptureDeviceProjectTests;
			productReference = CD97050B22DC6D9600132518 /* CaptureDeviceProjectTests.xctest */;
			productType = "com.apple.product-type.bundle.unit-test";
		};
		CD97051522DC6D9600132518 /* CaptureDeviceProjectUITests */ = {
			isa = PBXNativeTarget;
			buildConfigurationList = CD97052522DC6D9600132518 /* Build configuration list for PBXNativeTarget "CaptureDeviceProjectUITests" */;
			buildPhases = (
				CD97051222DC6D9600132518 /* Sources */,
				CD97051322DC6D9600132518 /* Frameworks */,
				CD97051422DC6D9600132518 /* Resources */,
			);
			buildRules = (
			);
			dependencies = (
				CD97051822DC6D9600132518 /* PBXTargetDependency */,
			);
			name = CaptureDeviceProjectUITests;
			productName = CaptureDeviceProjectUITests;
			productReference = CD97051622DC6D9600132518 /* CaptureDeviceProjectUITests.xctest */;
			productType = "com.apple.product-type.bundle.ui-testing";
		};
/* End PBXNativeTarget section */

/* Begin PBXProject section */
		CD9704EB22DC6D9500132518 /* Project object */ = {
			isa = PBXProject;
			attributes = {
				LastUpgradeCheck = 1020;
				ORGANIZATIONNAME = minzhe;
				TargetAttributes = {
					761AB8E723099CCD00B97B0C = {
						CreatedOnToolsVersion = 10.2;
					};
					CD93A6DC22F1374D009190E2 = {
						CreatedOnToolsVersion = 10.2;
						SystemCapabilities = {
							com.apple.ApplicationGroups.iOS = {
								enabled = 1;
							};
						};
					};
					CD9704F222DC6D9500132518 = {
						CreatedOnToolsVersion = 10.2;
						SystemCapabilities = {
							com.apple.ApplicationGroups.iOS = {
								enabled = 1;
							};
							com.apple.Push = {
								enabled = 1;
							};
						};
					};
					CD97050A22DC6D9600132518 = {
						CreatedOnToolsVersion = 10.2;
						TestTargetID = CD9704F222DC6D9500132518;
					};
					CD97051522DC6D9600132518 = {
						CreatedOnToolsVersion = 10.2;
						TestTargetID = CD9704F222DC6D9500132518;
					};
				};
			};
			buildConfigurationList = CD9704EE22DC6D9500132518 /* Build configuration list for PBXProject "CaptureDeviceProject" */;
			compatibilityVersion = "Xcode 9.3";
			developmentRegion = en;
			hasScannedForEncodings = 0;
			knownRegions = (
				en,
				Base,
			);
			mainGroup = CD9704EA22DC6D9500132518;
			productRefGroup = CD9704F422DC6D9500132518 /* Products */;
			projectDirPath = "";
			projectRoot = "";
			targets = (
				CD9704F222DC6D9500132518 /* CaptureDeviceProject */,
				CD97050A22DC6D9600132518 /* CaptureDeviceProjectTests */,
				CD97051522DC6D9600132518 /* CaptureDeviceProjectUITests */,
				CD93A6DC22F1374D009190E2 /* ScreenCapture */,
				761AB8E723099CCD00B97B0C /* ScreenCapUI */,
			);
		};
/* End PBXProject section */

/* Begin PBXResourcesBuildPhase section */
		761AB8E623099CCD00B97B0C /* Resources */ = {
			isa = PBXResourcesBuildPhase;
			buildActionMask = 2147483647;
			files = (
			);
			runOnlyForDeploymentPostprocessing = 0;
		};
		CD93A6DB22F1374D009190E2 /* Resources */ = {
			isa = PBXResourcesBuildPhase;
			buildActionMask = 2147483647;
			files = (
			);
			runOnlyForDeploymentPostprocessing = 0;
		};
		CD9704F122DC6D9500132518 /* Resources */ = {
			isa = PBXResourcesBuildPhase;
			buildActionMask = 2147483647;
			files = (
				7647932222F5B413005B622E /* SelectListViewController.xib in Resources */,
				765FCB0322F5340300948374 /* ClickJumpTableViewCell.xib in Resources */,
				765FCAD822F51CBF00948374 /* CameraCatchViewController.xib in Resources */,
				CD97050322DC6D9600132518 /* LaunchScreen.storyboard in Resources */,
				7657732122F5D3D10042A8FF /* ScreenCatchTableFooterView.xib in Resources */,
				765FCAED22F5265B00948374 /* captureInfo.plist in Resources */,
				765FCAFD22F533A000948374 /* ScreenCatchViewController.xib in Resources */,
				CD97050022DC6D9600132518 /* Assets.xcassets in Resources */,
				765FCB0822F5376100948374 /* SetPushUrlViewController.xib in Resources */,
				761AB8E3230977AF00B97B0C /* appicon1024.png in Resources */,
			);
			runOnlyForDeploymentPostprocessing = 0;
		};
		CD97050922DC6D9600132518 /* Resources */ = {
			isa = PBXResourcesBuildPhase;
			buildActionMask = 2147483647;
			files = (
			);
			runOnlyForDeploymentPostprocessing = 0;
		};
		CD97051422DC6D9600132518 /* Resources */ = {
			isa = PBXResourcesBuildPhase;
			buildActionMask = 2147483647;
			files = (
			);
			runOnlyForDeploymentPostprocessing = 0;
		};
/* End PBXResourcesBuildPhase section */

/* Begin PBXShellScriptBuildPhase section */
		03A6D2DD994CD77904C40DE1 /* [CP] Check Pods Manifest.lock */ = {
			isa = PBXShellScriptBuildPhase;
			buildActionMask = 2147483647;
			files = (
			);
			inputFileListPaths = (
			);
			inputPaths = (
				"${PODS_PODFILE_DIR_PATH}/Podfile.lock",
				"${PODS_ROOT}/Manifest.lock",
			);
			name = "[CP] Check Pods Manifest.lock";
			outputFileListPaths = (
			);
			outputPaths = (
				"$(DERIVED_FILE_DIR)/Pods-CaptureDeviceProject-checkManifestLockResult.txt",
			);
			runOnlyForDeploymentPostprocessing = 0;
			shellPath = /bin/sh;
			shellScript = "diff \"${PODS_PODFILE_DIR_PATH}/Podfile.lock\" \"${PODS_ROOT}/Manifest.lock\" > /dev/null\nif [ $? != 0 ] ; then\n    # print error to STDERR\n    echo \"error: The sandbox is not in sync with the Podfile.lock. Run 'pod install' or update your CocoaPods installation.\" >&2\n    exit 1\nfi\n# This output is used by Xcode 'outputs' to avoid re-running this script phase.\necho \"SUCCESS\" > \"${SCRIPT_OUTPUT_FILE_0}\"\n";
			showEnvVarsInLog = 0;
		};
		AAA9AE9AF641961A39E40B3E /* [CP] Embed Pods Frameworks */ = {
			isa = PBXShellScriptBuildPhase;
			buildActionMask = 2147483647;
			files = (
			);
			inputFileListPaths = (
				"${PODS_ROOT}/Target Support Files/Pods-CaptureDeviceProject/Pods-CaptureDeviceProject-frameworks-${CONFIGURATION}-input-files.xcfilelist",
			);
			name = "[CP] Embed Pods Frameworks";
			outputFileListPaths = (
				"${PODS_ROOT}/Target Support Files/Pods-CaptureDeviceProject/Pods-CaptureDeviceProject-frameworks-${CONFIGURATION}-output-files.xcfilelist",
			);
			runOnlyForDeploymentPostprocessing = 0;
			shellPath = /bin/sh;
			shellScript = "\"${PODS_ROOT}/Target Support Files/Pods-CaptureDeviceProject/Pods-CaptureDeviceProject-frameworks.sh\"\n";
			showEnvVarsInLog = 0;
		};
/* End PBXShellScriptBuildPhase section */

/* Begin PBXSourcesBuildPhase section */
		761AB8E423099CCD00B97B0C /* Sources */ = {
			isa = PBXSourcesBuildPhase;
			buildActionMask = 2147483647;
			files = (
				761AB8EE23099CCD00B97B0C /* BroadcastSetupViewController.m in Sources */,
			);
			runOnlyForDeploymentPostprocessing = 0;
		};
		CD93A6D922F1374D009190E2 /* Sources */ = {
			isa = PBXSourcesBuildPhase;
			buildActionMask = 2147483647;
			files = (
				CD5A637322FBF3AD00D6A5B1 /* XDXAduioEncoder.m in Sources */,
				CD93A6E422F1374D009190E2 /* SampleHandler.m in Sources */,
			);
			runOnlyForDeploymentPostprocessing = 0;
		};
		CD9704EF22DC6D9500132518 /* Sources */ = {
			isa = PBXSourcesBuildPhase;
			buildActionMask = 2147483647;
			files = (
				7647932122F5B413005B622E /* SelectListViewController.m in Sources */,
				CD97050622DC6D9600132518 /* main.m in Sources */,
				765FCADE22F51CF800948374 /* BaseViewController.m in Sources */,
				765FCB0B22F5730200948374 /* UIView+HUD.m in Sources */,
				7657732922F5E2420042A8FF /* UIViewExt.m in Sources */,
				CD9704F822DC6D9500132518 /* AppDelegate.m in Sources */,
				765FCB0722F5376100948374 /* SetPushUrlViewController.m in Sources */,
				76C9072A22F5C1A8006BA6E5 /* SelectListModel.m in Sources */,
				765FCAE622F523FD00948374 /* BaseNavigationController.m in Sources */,
				765FCAD922F51CBF00948374 /* CameraConfigModel.m in Sources */,
				765FCAD722F51CBF00948374 /* CameraCatchViewController.m in Sources */,
				765FCAF122F5297100948374 /* CSConstants.m in Sources */,
				765FCAF622F52B1E00948374 /* NavBgImage.m in Sources */,
				7657731F22F5D3C50042A8FF /* ScreenCatchTableFooterView.m in Sources */,
				765FCAFE22F533A000948374 /* ScreenCatchViewController.m in Sources */,
				765FCADA22F51CBF00948374 /* CameraCatchHandler.m in Sources */,
				765FCB0222F5340300948374 /* ClickJumpTableViewCell.m in Sources */,
			);
			runOnlyForDeploymentPostprocessing = 0;
		};
		CD97050722DC6D9600132518 /* Sources */ = {
			isa = PBXSourcesBuildPhase;
			buildActionMask = 2147483647;
			files = (
				CD97051022DC6D9600132518 /* CaptureDeviceProjectTests.m in Sources */,
			);
			runOnlyForDeploymentPostprocessing = 0;
		};
		CD97051222DC6D9600132518 /* Sources */ = {
			isa = PBXSourcesBuildPhase;
			buildActionMask = 2147483647;
			files = (
				CD97051B22DC6D9600132518 /* CaptureDeviceProjectUITests.m in Sources */,
			);
			runOnlyForDeploymentPostprocessing = 0;
		};
/* End PBXSourcesBuildPhase section */

/* Begin PBXTargetDependency section */
		761AB8F123099CCD00B97B0C /* PBXTargetDependency */ = {
			isa = PBXTargetDependency;
			target = 761AB8E723099CCD00B97B0C /* ScreenCapUI */;
			targetProxy = 761AB8F023099CCD00B97B0C /* PBXContainerItemProxy */;
		};
		CD93A6F722F1374D009190E2 /* PBXTargetDependency */ = {
			isa = PBXTargetDependency;
			target = CD93A6DC22F1374D009190E2 /* ScreenCapture */;
			targetProxy = CD93A6F622F1374D009190E2 /* PBXContainerItemProxy */;
		};
		CD97050D22DC6D9600132518 /* PBXTargetDependency */ = {
			isa = PBXTargetDependency;
			target = CD9704F222DC6D9500132518 /* CaptureDeviceProject */;
			targetProxy = CD97050C22DC6D9600132518 /* PBXContainerItemProxy */;
		};
		CD97051822DC6D9600132518 /* PBXTargetDependency */ = {
			isa = PBXTargetDependency;
			target = CD9704F222DC6D9500132518 /* CaptureDeviceProject */;
			targetProxy = CD97051722DC6D9600132518 /* PBXContainerItemProxy */;
		};
/* End PBXTargetDependency section */

/* Begin PBXVariantGroup section */
		CD97050122DC6D9600132518 /* LaunchScreen.storyboard */ = {
			isa = PBXVariantGroup;
			children = (
				CD97050222DC6D9600132518 /* Base */,
			);
			name = LaunchScreen.storyboard;
			sourceTree = "<group>";
		};
/* End PBXVariantGroup section */

/* Begin XCBuildConfiguration section */
		761AB8F423099CCD00B97B0C /* Debug */ = {
			isa = XCBuildConfiguration;
			buildSettings = {
				CODE_SIGN_IDENTITY = "iPhone Developer";
				CODE_SIGN_INJECT_BASE_ENTITLEMENTS = YES;
				CODE_SIGN_STYLE = Automatic;
				DEVELOPMENT_TEAM = 7233V8552Q;
				INFOPLIST_FILE = ScreenCapUI/Info.plist;
				IPHONEOS_DEPLOYMENT_TARGET = 12.0;
				LD_RUNPATH_SEARCH_PATHS = (
					"$(inherited)",
					"@executable_path/Frameworks",
					"@executable_path/../../Frameworks",
				);
				PRODUCT_BUNDLE_IDENTIFIER = gunmm.CaptureDeviceProject.ScreenCapUI;
				PRODUCT_NAME = "$(TARGET_NAME)";
				PROVISIONING_PROFILE_SPECIFIER = "";
				SKIP_INSTALL = YES;
				TARGETED_DEVICE_FAMILY = 1;
			};
			name = Debug;
		};
		761AB8F523099CCD00B97B0C /* Release */ = {
			isa = XCBuildConfiguration;
			buildSettings = {
				CODE_SIGN_IDENTITY = "iPhone Developer";
				CODE_SIGN_INJECT_BASE_ENTITLEMENTS = YES;
				CODE_SIGN_STYLE = Automatic;
				DEVELOPMENT_TEAM = 7233V8552Q;
				INFOPLIST_FILE = ScreenCapUI/Info.plist;
				IPHONEOS_DEPLOYMENT_TARGET = 12.0;
				LD_RUNPATH_SEARCH_PATHS = (
					"$(inherited)",
					"@executable_path/Frameworks",
					"@executable_path/../../Frameworks",
				);
				PRODUCT_BUNDLE_IDENTIFIER = gunmm.CaptureDeviceProject.ScreenCapUI;
				PRODUCT_NAME = "$(TARGET_NAME)";
				PROVISIONING_PROFILE_SPECIFIER = "";
				SKIP_INSTALL = YES;
				TARGETED_DEVICE_FAMILY = 1;
			};
			name = Release;
		};
		CD93A6FD22F1374D009190E2 /* Debug */ = {
			isa = XCBuildConfiguration;
			buildSettings = {
				CODE_SIGN_ENTITLEMENTS = ScreenCapture/ScreenCapture.entitlements;
				CODE_SIGN_IDENTITY = "iPhone Developer";
				CODE_SIGN_STYLE = Automatic;
				DEVELOPMENT_TEAM = 7233V8552Q;
				INFOPLIST_FILE = ScreenCapture/Info.plist;
				IPHONEOS_DEPLOYMENT_TARGET = 12.0;
				LD_RUNPATH_SEARCH_PATHS = (
					"$(inherited)",
					"@executable_path/Frameworks",
					"@executable_path/../../Frameworks",
				);
				PRODUCT_BUNDLE_IDENTIFIER = gunmm.CaptureDeviceProject.ScreenCapture;
				PRODUCT_NAME = "$(TARGET_NAME)";
				PROVISIONING_PROFILE_SPECIFIER = "";
				SKIP_INSTALL = YES;
				TARGETED_DEVICE_FAMILY = 1;
			};
			name = Debug;
		};
		CD93A6FE22F1374D009190E2 /* Release */ = {
			isa = XCBuildConfiguration;
			buildSettings = {
				CODE_SIGN_ENTITLEMENTS = ScreenCapture/ScreenCapture.entitlements;
				CODE_SIGN_IDENTITY = "iPhone Developer";
				CODE_SIGN_STYLE = Automatic;
				DEVELOPMENT_TEAM = 7233V8552Q;
				INFOPLIST_FILE = ScreenCapture/Info.plist;
				IPHONEOS_DEPLOYMENT_TARGET = 12.0;
				LD_RUNPATH_SEARCH_PATHS = (
					"$(inherited)",
					"@executable_path/Frameworks",
					"@executable_path/../../Frameworks",
				);
				PRODUCT_BUNDLE_IDENTIFIER = gunmm.CaptureDeviceProject.ScreenCapture;
				PRODUCT_NAME = "$(TARGET_NAME)";
				PROVISIONING_PROFILE_SPECIFIER = "";
				SKIP_INSTALL = YES;
				TARGETED_DEVICE_FAMILY = 1;
			};
			name = Release;
		};
		CD97051D22DC6D9600132518 /* Debug */ = {
			isa = XCBuildConfiguration;
			baseConfigurationReference = 7F0FDCEB97630057A8FC3AD7 /* Pods-CaptureDeviceProject.debug.xcconfig */;
			buildSettings = {
				ALWAYS_SEARCH_USER_PATHS = NO;
				CLANG_ANALYZER_NONNULL = YES;
				CLANG_ANALYZER_NUMBER_OBJECT_CONVERSION = YES_AGGRESSIVE;
				CLANG_CXX_LANGUAGE_STANDARD = "gnu++14";
				CLANG_CXX_LIBRARY = "libc++";
				CLANG_ENABLE_MODULES = YES;
				CLANG_ENABLE_OBJC_ARC = YES;
				CLANG_ENABLE_OBJC_WEAK = YES;
				CLANG_WARN_BLOCK_CAPTURE_AUTORELEASING = YES;
				CLANG_WARN_BOOL_CONVERSION = YES;
				CLANG_WARN_COMMA = YES;
				CLANG_WARN_CONSTANT_CONVERSION = YES;
				CLANG_WARN_DEPRECATED_OBJC_IMPLEMENTATIONS = YES;
				CLANG_WARN_DIRECT_OBJC_ISA_USAGE = YES_ERROR;
				CLANG_WARN_DOCUMENTATION_COMMENTS = YES;
				CLANG_WARN_EMPTY_BODY = YES;
				CLANG_WARN_ENUM_CONVERSION = YES;
				CLANG_WARN_INFINITE_RECURSION = YES;
				CLANG_WARN_INT_CONVERSION = YES;
				CLANG_WARN_NON_LITERAL_NULL_CONVERSION = YES;
				CLANG_WARN_OBJC_IMPLICIT_RETAIN_SELF = YES;
				CLANG_WARN_OBJC_LITERAL_CONVERSION = YES;
				CLANG_WARN_OBJC_ROOT_CLASS = YES_ERROR;
				CLANG_WARN_RANGE_LOOP_ANALYSIS = YES;
				CLANG_WARN_STRICT_PROTOTYPES = YES;
				CLANG_WARN_SUSPICIOUS_MOVE = YES;
				CLANG_WARN_UNGUARDED_AVAILABILITY = YES_AGGRESSIVE;
				CLANG_WARN_UNREACHABLE_CODE = YES;
				CLANG_WARN__DUPLICATE_METHOD_MATCH = YES;
				CODE_SIGN_IDENTITY = "iPhone Developer";
				COPY_PHASE_STRIP = NO;
				DEBUG_INFORMATION_FORMAT = dwarf;
				ENABLE_STRICT_OBJC_MSGSEND = YES;
				ENABLE_TESTABILITY = YES;
				GCC_C_LANGUAGE_STANDARD = gnu11;
				GCC_DYNAMIC_NO_PIC = NO;
				GCC_NO_COMMON_BLOCKS = YES;
				GCC_OPTIMIZATION_LEVEL = 0;
				GCC_PREPROCESSOR_DEFINITIONS = (
					"DEBUG=1",
					"$(inherited)",
				);
				GCC_WARN_64_TO_32_BIT_CONVERSION = YES;
				GCC_WARN_ABOUT_RETURN_TYPE = YES_ERROR;
				GCC_WARN_UNDECLARED_SELECTOR = YES;
				GCC_WARN_UNINITIALIZED_AUTOS = YES_AGGRESSIVE;
				GCC_WARN_UNUSED_FUNCTION = YES;
				GCC_WARN_UNUSED_VARIABLE = YES;
				IPHONEOS_DEPLOYMENT_TARGET = 12.0;
				MTL_ENABLE_DEBUG_INFO = INCLUDE_SOURCE;
				MTL_FAST_MATH = YES;
				ONLY_ACTIVE_ARCH = YES;
				SDKROOT = iphoneos;
			};
			name = Debug;
		};
		CD97051E22DC6D9600132518 /* Release */ = {
			isa = XCBuildConfiguration;
			baseConfigurationReference = 96A4689A7507BFC71587A013 /* Pods-CaptureDeviceProject.release.xcconfig */;
			buildSettings = {
				ALWAYS_SEARCH_USER_PATHS = NO;
				CLANG_ANALYZER_NONNULL = YES;
				CLANG_ANALYZER_NUMBER_OBJECT_CONVERSION = YES_AGGRESSIVE;
				CLANG_CXX_LANGUAGE_STANDARD = "gnu++14";
				CLANG_CXX_LIBRARY = "libc++";
				CLANG_ENABLE_MODULES = YES;
				CLANG_ENABLE_OBJC_ARC = YES;
				CLANG_ENABLE_OBJC_WEAK = YES;
				CLANG_WARN_BLOCK_CAPTURE_AUTORELEASING = YES;
				CLANG_WARN_BOOL_CONVERSION = YES;
				CLANG_WARN_COMMA = YES;
				CLANG_WARN_CONSTANT_CONVERSION = YES;
				CLANG_WARN_DEPRECATED_OBJC_IMPLEMENTATIONS = YES;
				CLANG_WARN_DIRECT_OBJC_ISA_USAGE = YES_ERROR;
				CLANG_WARN_DOCUMENTATION_COMMENTS = YES;
				CLANG_WARN_EMPTY_BODY = YES;
				CLANG_WARN_ENUM_CONVERSION = YES;
				CLANG_WARN_INFINITE_RECURSION = YES;
				CLANG_WARN_INT_CONVERSION = YES;
				CLANG_WARN_NON_LITERAL_NULL_CONVERSION = YES;
				CLANG_WARN_OBJC_IMPLICIT_RETAIN_SELF = YES;
				CLANG_WARN_OBJC_LITERAL_CONVERSION = YES;
				CLANG_WARN_OBJC_ROOT_CLASS = YES_ERROR;
				CLANG_WARN_RANGE_LOOP_ANALYSIS = YES;
				CLANG_WARN_STRICT_PROTOTYPES = YES;
				CLANG_WARN_SUSPICIOUS_MOVE = YES;
				CLANG_WARN_UNGUARDED_AVAILABILITY = YES_AGGRESSIVE;
				CLANG_WARN_UNREACHABLE_CODE = YES;
				CLANG_WARN__DUPLICATE_METHOD_MATCH = YES;
				CODE_SIGN_IDENTITY = "iPhone Developer";
				COPY_PHASE_STRIP = NO;
				DEBUG_INFORMATION_FORMAT = "dwarf-with-dsym";
				ENABLE_NS_ASSERTIONS = NO;
				ENABLE_STRICT_OBJC_MSGSEND = YES;
				GCC_C_LANGUAGE_STANDARD = gnu11;
				GCC_NO_COMMON_BLOCKS = YES;
				GCC_WARN_64_TO_32_BIT_CONVERSION = YES;
				GCC_WARN_ABOUT_RETURN_TYPE = YES_ERROR;
				GCC_WARN_UNDECLARED_SELECTOR = YES;
				GCC_WARN_UNINITIALIZED_AUTOS = YES_AGGRESSIVE;
				GCC_WARN_UNUSED_FUNCTION = YES;
				GCC_WARN_UNUSED_VARIABLE = YES;
				IPHONEOS_DEPLOYMENT_TARGET = 12.0;
				MTL_ENABLE_DEBUG_INFO = NO;
				MTL_FAST_MATH = YES;
				SDKROOT = iphoneos;
				VALIDATE_PRODUCT = YES;
			};
			name = Release;
		};
		CD97052022DC6D9600132518 /* Debug */ = {
			isa = XCBuildConfiguration;
			baseConfigurationReference = 7F0FDCEB97630057A8FC3AD7 /* Pods-CaptureDeviceProject.debug.xcconfig */;
			buildSettings = {
				ASSETCATALOG_COMPILER_APPICON_NAME = AppIcon;
				CODE_SIGN_ENTITLEMENTS = CaptureDeviceProject/CaptureDeviceProject.entitlements;
				CODE_SIGN_IDENTITY = "iPhone Developer";
				CODE_SIGN_STYLE = Automatic;
				DEVELOPMENT_TEAM = 7233V8552Q;
				GCC_PREFIX_HEADER = "$(SRCROOT)/CaptureDeviceProject/Supporting Files/PrefixHeader.pch";
				INFOPLIST_FILE = "$(SRCROOT)/CaptureDeviceProject/Supporting Files/captureInfo.plist";
				IPHONEOS_DEPLOYMENT_TARGET = 12.0;
				LD_RUNPATH_SEARCH_PATHS = (
					"$(inherited)",
					"@executable_path/Frameworks",
				);
				PRODUCT_BUNDLE_IDENTIFIER = gunmm.CaptureDeviceProject;
				PRODUCT_NAME = "$(TARGET_NAME)";
				PROVISIONING_PROFILE_SPECIFIER = "";
				TARGETED_DEVICE_FAMILY = 1;
			};
			name = Debug;
		};
		CD97052122DC6D9600132518 /* Release */ = {
			isa = XCBuildConfiguration;
			baseConfigurationReference = 96A4689A7507BFC71587A013 /* Pods-CaptureDeviceProject.release.xcconfig */;
			buildSettings = {
				ASSETCATALOG_COMPILER_APPICON_NAME = AppIcon;
				CODE_SIGN_ENTITLEMENTS = CaptureDeviceProject/CaptureDeviceProject.entitlements;
				CODE_SIGN_IDENTITY = "iPhone Developer";
				CODE_SIGN_STYLE = Automatic;
				DEVELOPMENT_TEAM = 7233V8552Q;
				GCC_PREFIX_HEADER = "$(SRCROOT)/CaptureDeviceProject/Supporting Files/PrefixHeader.pch";
				INFOPLIST_FILE = "$(SRCROOT)/CaptureDeviceProject/Supporting Files/captureInfo.plist";
				IPHONEOS_DEPLOYMENT_TARGET = 12.0;
				LD_RUNPATH_SEARCH_PATHS = (
					"$(inherited)",
					"@executable_path/Frameworks",
				);
				PRODUCT_BUNDLE_IDENTIFIER = gunmm.CaptureDeviceProject;
				PRODUCT_NAME = "$(TARGET_NAME)";
				PROVISIONING_PROFILE_SPECIFIER = "";
				TARGETED_DEVICE_FAMILY = 1;
			};
			name = Release;
		};
		CD97052322DC6D9600132518 /* Debug */ = {
			isa = XCBuildConfiguration;
			buildSettings = {
				BUNDLE_LOADER = "$(TEST_HOST)";
				CODE_SIGN_STYLE = Automatic;
				DEVELOPMENT_TEAM = F86F8A245Z;
				INFOPLIST_FILE = CaptureDeviceProjectTests/Info.plist;
				LD_RUNPATH_SEARCH_PATHS = (
					"$(inherited)",
					"@executable_path/Frameworks",
					"@loader_path/Frameworks",
				);
				PRODUCT_BUNDLE_IDENTIFIER = gunmm.CaptureDeviceProjectTests;
				PRODUCT_NAME = "$(TARGET_NAME)";
				TARGETED_DEVICE_FAMILY = "1,2";
				TEST_HOST = "$(BUILT_PRODUCTS_DIR)/CaptureDeviceProject.app/CaptureDeviceProject";
			};
			name = Debug;
		};
		CD97052422DC6D9600132518 /* Release */ = {
			isa = XCBuildConfiguration;
			buildSettings = {
				BUNDLE_LOADER = "$(TEST_HOST)";
				CODE_SIGN_STYLE = Automatic;
				DEVELOPMENT_TEAM = F86F8A245Z;
				INFOPLIST_FILE = CaptureDeviceProjectTests/Info.plist;
				LD_RUNPATH_SEARCH_PATHS = (
					"$(inherited)",
					"@executable_path/Frameworks",
					"@loader_path/Frameworks",
				);
				PRODUCT_BUNDLE_IDENTIFIER = gunmm.CaptureDeviceProjectTests;
				PRODUCT_NAME = "$(TARGET_NAME)";
				TARGETED_DEVICE_FAMILY = "1,2";
				TEST_HOST = "$(BUILT_PRODUCTS_DIR)/CaptureDeviceProject.app/CaptureDeviceProject";
			};
			name = Release;
		};
		CD97052622DC6D9600132518 /* Debug */ = {
			isa = XCBuildConfiguration;
			buildSettings = {
				CODE_SIGN_STYLE = Automatic;
				DEVELOPMENT_TEAM = F86F8A245Z;
				INFOPLIST_FILE = CaptureDeviceProjectUITests/Info.plist;
				LD_RUNPATH_SEARCH_PATHS = (
					"$(inherited)",
					"@executable_path/Frameworks",
					"@loader_path/Frameworks",
				);
				PRODUCT_BUNDLE_IDENTIFIER = gunmm.CaptureDeviceProjectUITests;
				PRODUCT_NAME = "$(TARGET_NAME)";
				TARGETED_DEVICE_FAMILY = "1,2";
				TEST_TARGET_NAME = CaptureDeviceProject;
			};
			name = Debug;
		};
		CD97052722DC6D9600132518 /* Release */ = {
			isa = XCBuildConfiguration;
			buildSettings = {
				CODE_SIGN_STYLE = Automatic;
				DEVELOPMENT_TEAM = F86F8A245Z;
				INFOPLIST_FILE = CaptureDeviceProjectUITests/Info.plist;
				LD_RUNPATH_SEARCH_PATHS = (
					"$(inherited)",
					"@executable_path/Frameworks",
					"@loader_path/Frameworks",
				);
				PRODUCT_BUNDLE_IDENTIFIER = gunmm.CaptureDeviceProjectUITests;
				PRODUCT_NAME = "$(TARGET_NAME)";
				TARGETED_DEVICE_FAMILY = "1,2";
				TEST_TARGET_NAME = CaptureDeviceProject;
			};
			name = Release;
		};
/* End XCBuildConfiguration section */

/* Begin XCConfigurationList section */
		761AB8F323099CCD00B97B0C /* Build configuration list for PBXNativeTarget "ScreenCapUI" */ = {
			isa = XCConfigurationList;
			buildConfigurations = (
				761AB8F423099CCD00B97B0C /* Debug */,
				761AB8F523099CCD00B97B0C /* Release */,
			);
			defaultConfigurationIsVisible = 0;
			defaultConfigurationName = Release;
		};
		CD93A6FC22F1374D009190E2 /* Build configuration list for PBXNativeTarget "ScreenCapture" */ = {
			isa = XCConfigurationList;
			buildConfigurations = (
				CD93A6FD22F1374D009190E2 /* Debug */,
				CD93A6FE22F1374D009190E2 /* Release */,
			);
			defaultConfigurationIsVisible = 0;
			defaultConfigurationName = Release;
		};
		CD9704EE22DC6D9500132518 /* Build configuration list for PBXProject "CaptureDeviceProject" */ = {
			isa = XCConfigurationList;
			buildConfigurations = (
				CD97051D22DC6D9600132518 /* Debug */,
				CD97051E22DC6D9600132518 /* Release */,
			);
			defaultConfigurationIsVisible = 0;
			defaultConfigurationName = Release;
		};
		CD97051F22DC6D9600132518 /* Build configuration list for PBXNativeTarget "CaptureDeviceProject" */ = {
			isa = XCConfigurationList;
			buildConfigurations = (
				CD97052022DC6D9600132518 /* Debug */,
				CD97052122DC6D9600132518 /* Release */,
			);
			defaultConfigurationIsVisible = 0;
			defaultConfigurationName = Release;
		};
		CD97052222DC6D9600132518 /* Build configuration list for PBXNativeTarget "CaptureDeviceProjectTests" */ = {
			isa = XCConfigurationList;
			buildConfigurations = (
				CD97052322DC6D9600132518 /* Debug */,
				CD97052422DC6D9600132518 /* Release */,
			);
			defaultConfigurationIsVisible = 0;
			defaultConfigurationName = Release;
		};
		CD97052522DC6D9600132518 /* Build configuration list for PBXNativeTarget "CaptureDeviceProjectUITests" */ = {
			isa = XCConfigurationList;
			buildConfigurations = (
				CD97052622DC6D9600132518 /* Debug */,
				CD97052722DC6D9600132518 /* Release */,
			);
			defaultConfigurationIsVisible = 0;
			defaultConfigurationName = Release;
		};
/* End XCConfigurationList section */
	};
	rootObject = CD9704EB22DC6D9500132518 /* Project object */;
}
